// !$*UTF8*$!
{
	archiveVersion = 1;
	classes = {
	};
	objectVersion = 50;
	objects = {

/* Begin PBXBuildFile section */
		0B0A66DC29B413C80FDDEF27 /* Pods_NYTimesTests.framework in Frameworks */ = {isa = PBXBuildFile; fileRef = 6B84A8B3A6986C2571EA3EA2 /* Pods_NYTimesTests.framework */; };
		3FA93E3F35BA02FCAF0B47DD /* Pods_NYTimes.framework in Frameworks */ = {isa = PBXBuildFile; fileRef = 2505A65E39B2737F8B1492DF /* Pods_NYTimes.framework */; };
		4D7CA180217A5E140087B6CC /* AppDelegate.swift in Sources */ = {isa = PBXBuildFile; fileRef = 4D7CA17F217A5E140087B6CC /* AppDelegate.swift */; };
		4D7CA182217A5E140087B6CC /* ArticleViewController.swift in Sources */ = {isa = PBXBuildFile; fileRef = 4D7CA181217A5E140087B6CC /* ArticleViewController.swift */; };
		4D7CA185217A5E140087B6CC /* Main.storyboard in Resources */ = {isa = PBXBuildFile; fileRef = 4D7CA183217A5E140087B6CC /* Main.storyboard */; };
		4D7CA187217A5E140087B6CC /* Assets.xcassets in Resources */ = {isa = PBXBuildFile; fileRef = 4D7CA186217A5E140087B6CC /* Assets.xcassets */; };
		4D7CA18A217A5E150087B6CC /* LaunchScreen.storyboard in Resources */ = {isa = PBXBuildFile; fileRef = 4D7CA188217A5E150087B6CC /* LaunchScreen.storyboard */; };
		4D7CA195217A5E150087B6CC /* NYTimesTests.swift in Sources */ = {isa = PBXBuildFile; fileRef = 4D7CA194217A5E150087B6CC /* NYTimesTests.swift */; };
		4D7CA1A0217A5E150087B6CC /* NYTimesUITests.swift in Sources */ = {isa = PBXBuildFile; fileRef = 4D7CA19F217A5E150087B6CC /* NYTimesUITests.swift */; };
		4D7CA1AF217BB5A20087B6CC /* NetworkManager.swift in Sources */ = {isa = PBXBuildFile; fileRef = 4D7CA1AE217BB5A20087B6CC /* NetworkManager.swift */; };
		4D7CA1B2217BB68A0087B6CC /* GCDBlackBox.swift in Sources */ = {isa = PBXBuildFile; fileRef = 4D7CA1B1217BB68A0087B6CC /* GCDBlackBox.swift */; };
		4D7CA1B5217BB8D60087B6CC /* Constants.swift in Sources */ = {isa = PBXBuildFile; fileRef = 4D7CA1B4217BB8D60087B6CC /* Constants.swift */; };
		4D7CA1B7217BB9440087B6CC /* Logger.swift in Sources */ = {isa = PBXBuildFile; fileRef = 4D7CA1B6217BB9440087B6CC /* Logger.swift */; };
		4D7CA1BB217BBC580087B6CC /* Reachability.swift in Sources */ = {isa = PBXBuildFile; fileRef = 4D7CA1BA217BBC580087B6CC /* Reachability.swift */; };
		4D7CA1BD217BBDDA0087B6CC /* ArticlesNetworkManager.swift in Sources */ = {isa = PBXBuildFile; fileRef = 4D7CA1BC217BBDDA0087B6CC /* ArticlesNetworkManager.swift */; };
		4D7CA1E2217BC4650087B6CC /* BaseModel.swift in Sources */ = {isa = PBXBuildFile; fileRef = 4D7CA1E1217BC4650087B6CC /* BaseModel.swift */; };
		4D7CA1E4217BC48C0087B6CC /* ArticleModel.swift in Sources */ = {isa = PBXBuildFile; fileRef = 4D7CA1E3217BC48C0087B6CC /* ArticleModel.swift */; };
		4D7CA1E7217BC9430087B6CC /* ArticleModelController.swift in Sources */ = {isa = PBXBuildFile; fileRef = 4D7CA1E6217BC9430087B6CC /* ArticleModelController.swift */; };
		4DEE573C217BD6BD006D0C02 /* BaseViewController.swift in Sources */ = {isa = PBXBuildFile; fileRef = 4DEE573B217BD6BD006D0C02 /* BaseViewController.swift */; };
		4DEE5741217BDA82006D0C02 /* ArticleTableView.swift in Sources */ = {isa = PBXBuildFile; fileRef = 4DEE5740217BDA82006D0C02 /* ArticleTableView.swift */; };
		4DEE5743217BDB19006D0C02 /* ArticleTableViewCell.swift in Sources */ = {isa = PBXBuildFile; fileRef = 4DEE5742217BDB19006D0C02 /* ArticleTableViewCell.swift */; };
		4DEE5745217BDE15006D0C02 /* CellRepresentable.swift in Sources */ = {isa = PBXBuildFile; fileRef = 4DEE5744217BDE15006D0C02 /* CellRepresentable.swift */; };
		D8A6AB406B2C6C2F008DA09D /* Pods_NYTimesUITests.framework in Frameworks */ = {isa = PBXBuildFile; fileRef = ECBB3B865E3A298783F44B5E /* Pods_NYTimesUITests.framework */; };
/* End PBXBuildFile section */

/* Begin PBXContainerItemProxy section */
		4D7CA191217A5E150087B6CC /* PBXContainerItemProxy */ = {
			isa = PBXContainerItemProxy;
			containerPortal = 4D7CA174217A5E140087B6CC /* Project object */;
			proxyType = 1;
			remoteGlobalIDString = 4D7CA17B217A5E140087B6CC;
			remoteInfo = NYTimes;
		};
		4D7CA19C217A5E150087B6CC /* PBXContainerItemProxy */ = {
			isa = PBXContainerItemProxy;
			containerPortal = 4D7CA174217A5E140087B6CC /* Project object */;
			proxyType = 1;
			remoteGlobalIDString = 4D7CA17B217A5E140087B6CC;
			remoteInfo = NYTimes;
		};
/* End PBXContainerItemProxy section */

/* Begin PBXFileReference section */
		20DADE6F8E4E2CA779E5FE53 /* Pods-NYTimes.debug.xcconfig */ = {isa = PBXFileReference; includeInIndex = 1; lastKnownFileType = text.xcconfig; name = "Pods-NYTimes.debug.xcconfig"; path = "Pods/Target Support Files/Pods-NYTimes/Pods-NYTimes.debug.xcconfig"; sourceTree = "<group>"; };
		2505A65E39B2737F8B1492DF /* Pods_NYTimes.framework */ = {isa = PBXFileReference; explicitFileType = wrapper.framework; includeInIndex = 0; path = Pods_NYTimes.framework; sourceTree = BUILT_PRODUCTS_DIR; };
		4831EE50CA658B9E767FAA9F /* Pods-NYTimesTests.release.xcconfig */ = {isa = PBXFileReference; includeInIndex = 1; lastKnownFileType = text.xcconfig; name = "Pods-NYTimesTests.release.xcconfig"; path = "Pods/Target Support Files/Pods-NYTimesTests/Pods-NYTimesTests.release.xcconfig"; sourceTree = "<group>"; };
		4D7CA17C217A5E140087B6CC /* NYTimes.app */ = {isa = PBXFileReference; explicitFileType = wrapper.application; includeInIndex = 0; path = NYTimes.app; sourceTree = BUILT_PRODUCTS_DIR; };
		4D7CA17F217A5E140087B6CC /* AppDelegate.swift */ = {isa = PBXFileReference; lastKnownFileType = sourcecode.swift; path = AppDelegate.swift; sourceTree = "<group>"; };
		4D7CA181217A5E140087B6CC /* ArticleViewController.swift */ = {isa = PBXFileReference; lastKnownFileType = sourcecode.swift; path = ArticleViewController.swift; sourceTree = "<group>"; };
		4D7CA184217A5E140087B6CC /* Base */ = {isa = PBXFileReference; lastKnownFileType = file.storyboard; name = Base; path = Base.lproj/Main.storyboard; sourceTree = "<group>"; };
		4D7CA186217A5E140087B6CC /* Assets.xcassets */ = {isa = PBXFileReference; lastKnownFileType = folder.assetcatalog; path = Assets.xcassets; sourceTree = "<group>"; };
		4D7CA189217A5E150087B6CC /* Base */ = {isa = PBXFileReference; lastKnownFileType = file.storyboard; name = Base; path = Base.lproj/LaunchScreen.storyboard; sourceTree = "<group>"; };
		4D7CA18B217A5E150087B6CC /* Info.plist */ = {isa = PBXFileReference; lastKnownFileType = text.plist.xml; path = Info.plist; sourceTree = "<group>"; };
		4D7CA190217A5E150087B6CC /* NYTimesTests.xctest */ = {isa = PBXFileReference; explicitFileType = wrapper.cfbundle; includeInIndex = 0; path = NYTimesTests.xctest; sourceTree = BUILT_PRODUCTS_DIR; };
		4D7CA194217A5E150087B6CC /* NYTimesTests.swift */ = {isa = PBXFileReference; lastKnownFileType = sourcecode.swift; path = NYTimesTests.swift; sourceTree = "<group>"; };
		4D7CA196217A5E150087B6CC /* Info.plist */ = {isa = PBXFileReference; lastKnownFileType = text.plist.xml; path = Info.plist; sourceTree = "<group>"; };
		4D7CA19B217A5E150087B6CC /* NYTimesUITests.xctest */ = {isa = PBXFileReference; explicitFileType = wrapper.cfbundle; includeInIndex = 0; path = NYTimesUITests.xctest; sourceTree = BUILT_PRODUCTS_DIR; };
		4D7CA19F217A5E150087B6CC /* NYTimesUITests.swift */ = {isa = PBXFileReference; lastKnownFileType = sourcecode.swift; path = NYTimesUITests.swift; sourceTree = "<group>"; };
		4D7CA1A1217A5E150087B6CC /* Info.plist */ = {isa = PBXFileReference; lastKnownFileType = text.plist.xml; path = Info.plist; sourceTree = "<group>"; };
		4D7CA1AE217BB5A20087B6CC /* NetworkManager.swift */ = {isa = PBXFileReference; lastKnownFileType = sourcecode.swift; path = NetworkManager.swift; sourceTree = "<group>"; };
		4D7CA1B1217BB68A0087B6CC /* GCDBlackBox.swift */ = {isa = PBXFileReference; lastKnownFileType = sourcecode.swift; path = GCDBlackBox.swift; sourceTree = "<group>"; };
		4D7CA1B4217BB8D60087B6CC /* Constants.swift */ = {isa = PBXFileReference; lastKnownFileType = sourcecode.swift; path = Constants.swift; sourceTree = "<group>"; };
		4D7CA1B6217BB9440087B6CC /* Logger.swift */ = {isa = PBXFileReference; lastKnownFileType = sourcecode.swift; path = Logger.swift; sourceTree = "<group>"; };
		4D7CA1BA217BBC580087B6CC /* Reachability.swift */ = {isa = PBXFileReference; lastKnownFileType = sourcecode.swift; path = Reachability.swift; sourceTree = "<group>"; };
		4D7CA1BC217BBDDA0087B6CC /* ArticlesNetworkManager.swift */ = {isa = PBXFileReference; lastKnownFileType = sourcecode.swift; path = ArticlesNetworkManager.swift; sourceTree = "<group>"; };
		4D7CA1E1217BC4650087B6CC /* BaseModel.swift */ = {isa = PBXFileReference; lastKnownFileType = sourcecode.swift; path = BaseModel.swift; sourceTree = "<group>"; };
		4D7CA1E3217BC48C0087B6CC /* ArticleModel.swift */ = {isa = PBXFileReference; lastKnownFileType = sourcecode.swift; path = ArticleModel.swift; sourceTree = "<group>"; };
		4D7CA1E6217BC9430087B6CC /* ArticleModelController.swift */ = {isa = PBXFileReference; lastKnownFileType = sourcecode.swift; path = ArticleModelController.swift; sourceTree = "<group>"; };
		4DEE573B217BD6BD006D0C02 /* BaseViewController.swift */ = {isa = PBXFileReference; lastKnownFileType = sourcecode.swift; path = BaseViewController.swift; sourceTree = "<group>"; };
		4DEE5740217BDA82006D0C02 /* ArticleTableView.swift */ = {isa = PBXFileReference; lastKnownFileType = sourcecode.swift; path = ArticleTableView.swift; sourceTree = "<group>"; };
		4DEE5742217BDB19006D0C02 /* ArticleTableViewCell.swift */ = {isa = PBXFileReference; lastKnownFileType = sourcecode.swift; path = ArticleTableViewCell.swift; sourceTree = "<group>"; };
		4DEE5744217BDE15006D0C02 /* CellRepresentable.swift */ = {isa = PBXFileReference; lastKnownFileType = sourcecode.swift; path = CellRepresentable.swift; sourceTree = "<group>"; };
		568EDE580CDA8E619A3CE90B /* Pods-NYTimesTests.debug.xcconfig */ = {isa = PBXFileReference; includeInIndex = 1; lastKnownFileType = text.xcconfig; name = "Pods-NYTimesTests.debug.xcconfig"; path = "Pods/Target Support Files/Pods-NYTimesTests/Pods-NYTimesTests.debug.xcconfig"; sourceTree = "<group>"; };
		6B84A8B3A6986C2571EA3EA2 /* Pods_NYTimesTests.framework */ = {isa = PBXFileReference; explicitFileType = wrapper.framework; includeInIndex = 0; path = Pods_NYTimesTests.framework; sourceTree = BUILT_PRODUCTS_DIR; };
		8FD3CB88F4AFD747229CD8A9 /* Pods-NYTimesUITests.release.xcconfig */ = {isa = PBXFileReference; includeInIndex = 1; lastKnownFileType = text.xcconfig; name = "Pods-NYTimesUITests.release.xcconfig"; path = "Pods/Target Support Files/Pods-NYTimesUITests/Pods-NYTimesUITests.release.xcconfig"; sourceTree = "<group>"; };
		D8946FD1C2A6D8035978F4DC /* Pods-NYTimes.release.xcconfig */ = {isa = PBXFileReference; includeInIndex = 1; lastKnownFileType = text.xcconfig; name = "Pods-NYTimes.release.xcconfig"; path = "Pods/Target Support Files/Pods-NYTimes/Pods-NYTimes.release.xcconfig"; sourceTree = "<group>"; };
		DD9E0FCCA37964A71F2E33E5 /* Pods-NYTimesUITests.debug.xcconfig */ = {isa = PBXFileReference; includeInIndex = 1; lastKnownFileType = text.xcconfig; name = "Pods-NYTimesUITests.debug.xcconfig"; path = "Pods/Target Support Files/Pods-NYTimesUITests/Pods-NYTimesUITests.debug.xcconfig"; sourceTree = "<group>"; };
		ECBB3B865E3A298783F44B5E /* Pods_NYTimesUITests.framework */ = {isa = PBXFileReference; explicitFileType = wrapper.framework; includeInIndex = 0; path = Pods_NYTimesUITests.framework; sourceTree = BUILT_PRODUCTS_DIR; };
/* End PBXFileReference section */

/* Begin PBXFrameworksBuildPhase section */
		4D7CA179217A5E140087B6CC /* Frameworks */ = {
			isa = PBXFrameworksBuildPhase;
			buildActionMask = 2147483647;
			files = (
				3FA93E3F35BA02FCAF0B47DD /* Pods_NYTimes.framework in Frameworks */,
			);
			runOnlyForDeploymentPostprocessing = 0;
		};
		4D7CA18D217A5E150087B6CC /* Frameworks */ = {
			isa = PBXFrameworksBuildPhase;
			buildActionMask = 2147483647;
			files = (
				0B0A66DC29B413C80FDDEF27 /* Pods_NYTimesTests.framework in Frameworks */,
			);
			runOnlyForDeploymentPostprocessing = 0;
		};
		4D7CA198217A5E150087B6CC /* Frameworks */ = {
			isa = PBXFrameworksBuildPhase;
			buildActionMask = 2147483647;
			files = (
				D8A6AB406B2C6C2F008DA09D /* Pods_NYTimesUITests.framework in Frameworks */,
			);
			runOnlyForDeploymentPostprocessing = 0;
		};
/* End PBXFrameworksBuildPhase section */

/* Begin PBXGroup section */
		22E779347529792097075942 /* Frameworks */ = {
			isa = PBXGroup;
			children = (
				2505A65E39B2737F8B1492DF /* Pods_NYTimes.framework */,
				6B84A8B3A6986C2571EA3EA2 /* Pods_NYTimesTests.framework */,
				ECBB3B865E3A298783F44B5E /* Pods_NYTimesUITests.framework */,
			);
			name = Frameworks;
			sourceTree = "<group>";
		};
		4D7CA173217A5E140087B6CC = {
			isa = PBXGroup;
			children = (
				4D7CA17E217A5E140087B6CC /* NYTimes */,
				4D7CA193217A5E150087B6CC /* NYTimesTests */,
				4D7CA19E217A5E150087B6CC /* NYTimesUITests */,
				4D7CA17D217A5E140087B6CC /* Products */,
				4F61D08A2D09DC98C4DA4D28 /* Pods */,
				22E779347529792097075942 /* Frameworks */,
			);
			sourceTree = "<group>";
		};
		4D7CA17D217A5E140087B6CC /* Products */ = {
			isa = PBXGroup;
			children = (
				4D7CA17C217A5E140087B6CC /* NYTimes.app */,
				4D7CA190217A5E150087B6CC /* NYTimesTests.xctest */,
				4D7CA19B217A5E150087B6CC /* NYTimesUITests.xctest */,
			);
			name = Products;
			sourceTree = "<group>";
		};
		4D7CA17E217A5E140087B6CC /* NYTimes */ = {
			isa = PBXGroup;
			children = (
				4DEE5748217BF044006D0C02 /* Resource */,
				4DEE5749217BF073006D0C02 /* Source */,
				4D7CA183217A5E140087B6CC /* Main.storyboard */,
				4D7CA186217A5E140087B6CC /* Assets.xcassets */,
				4D7CA188217A5E150087B6CC /* LaunchScreen.storyboard */,
				4D7CA18B217A5E150087B6CC /* Info.plist */,
			);
			path = NYTimes;
			sourceTree = "<group>";
		};
		4D7CA193217A5E150087B6CC /* NYTimesTests */ = {
			isa = PBXGroup;
			children = (
				4D7CA194217A5E150087B6CC /* NYTimesTests.swift */,
				4D7CA196217A5E150087B6CC /* Info.plist */,
			);
			path = NYTimesTests;
			sourceTree = "<group>";
		};
		4D7CA19E217A5E150087B6CC /* NYTimesUITests */ = {
			isa = PBXGroup;
			children = (
				4D7CA19F217A5E150087B6CC /* NYTimesUITests.swift */,
				4D7CA1A1217A5E150087B6CC /* Info.plist */,
			);
			path = NYTimesUITests;
			sourceTree = "<group>";
		};
		4D7CA1AD217BB58B0087B6CC /* NetworkManager */ = {
			isa = PBXGroup;
			children = (
				4D7CA1AE217BB5A20087B6CC /* NetworkManager.swift */,
				4D7CA1BC217BBDDA0087B6CC /* ArticlesNetworkManager.swift */,
			);
			path = NetworkManager;
			sourceTree = "<group>";
		};
		4D7CA1B0217BB5F30087B6CC /* Utils */ = {
			isa = PBXGroup;
			children = (
				4D7CA1B6217BB9440087B6CC /* Logger.swift */,
				4D7CA1BA217BBC580087B6CC /* Reachability.swift */,
				4D7CA1B1217BB68A0087B6CC /* GCDBlackBox.swift */,
			);
			path = Utils;
			sourceTree = "<group>";
		};
		4D7CA1B3217BB8C50087B6CC /* Constants */ = {
			isa = PBXGroup;
			children = (
				4D7CA1B4217BB8D60087B6CC /* Constants.swift */,
			);
			path = Constants;
			sourceTree = "<group>";
		};
		4D7CA1E0217BC4490087B6CC /* Model */ = {
			isa = PBXGroup;
			children = (
				4DEE5744217BDE15006D0C02 /* CellRepresentable.swift */,
				4D7CA1E1217BC4650087B6CC /* BaseModel.swift */,
				4D7CA1E3217BC48C0087B6CC /* ArticleModel.swift */,
			);
			path = Model;
			sourceTree = "<group>";
		};
		4D7CA1E5217BC92A0087B6CC /* ModelController */ = {
			isa = PBXGroup;
			children = (
				4D7CA1E6217BC9430087B6CC /* ArticleModelController.swift */,
			);
			path = ModelController;
			sourceTree = "<group>";
		};
		4DEE5739217BD67F006D0C02 /* ViewController */ = {
			isa = PBXGroup;
			children = (
				4DEE573B217BD6BD006D0C02 /* BaseViewController.swift */,
				4D7CA181217A5E140087B6CC /* ArticleViewController.swift */,
			);
			path = ViewController;
			sourceTree = "<group>";
		};
		4DEE573A217BD68F006D0C02 /* App */ = {
			isa = PBXGroup;
			children = (
				4D7CA17F217A5E140087B6CC /* AppDelegate.swift */,
			);
			path = App;
			sourceTree = "<group>";
		};
		4DEE573D217BD9FF006D0C02 /* View */ = {
			isa = PBXGroup;
			children = (
				4DEE573E217BDA0B006D0C02 /* TableView */,
				4DEE573F217BDA1E006D0C02 /* TableViewCell */,
			);
			path = View;
			sourceTree = "<group>";
		};
		4DEE573E217BDA0B006D0C02 /* TableView */ = {
			isa = PBXGroup;
			children = (
				4DEE5740217BDA82006D0C02 /* ArticleTableView.swift */,
			);
			path = TableView;
			sourceTree = "<group>";
		};
		4DEE573F217BDA1E006D0C02 /* TableViewCell */ = {
			isa = PBXGroup;
			children = (
				4DEE5742217BDB19006D0C02 /* ArticleTableViewCell.swift */,
			);
			path = TableViewCell;
			sourceTree = "<group>";
		};
		4DEE5748217BF044006D0C02 /* Resource */ = {
			isa = PBXGroup;
			children = (
				4D7CA1B0217BB5F30087B6CC /* Utils */,
				4D7CA1B3217BB8C50087B6CC /* Constants */,
				4D7CA1AD217BB58B0087B6CC /* NetworkManager */,
			);
			path = Resource;
			sourceTree = "<group>";
		};
		4DEE5749217BF073006D0C02 /* Source */ = {
			isa = PBXGroup;
			children = (
				4DEE573A217BD68F006D0C02 /* App */,
				4D7CA1E0217BC4490087B6CC /* Model */,
				4D7CA1E5217BC92A0087B6CC /* ModelController */,
				4DEE5739217BD67F006D0C02 /* ViewController */,
				4DEE573D217BD9FF006D0C02 /* View */,
			);
			path = Source;
			sourceTree = "<group>";
		};
		4F61D08A2D09DC98C4DA4D28 /* Pods */ = {
			isa = PBXGroup;
			children = (
				20DADE6F8E4E2CA779E5FE53 /* Pods-NYTimes.debug.xcconfig */,
				D8946FD1C2A6D8035978F4DC /* Pods-NYTimes.release.xcconfig */,
				568EDE580CDA8E619A3CE90B /* Pods-NYTimesTests.debug.xcconfig */,
				4831EE50CA658B9E767FAA9F /* Pods-NYTimesTests.release.xcconfig */,
				DD9E0FCCA37964A71F2E33E5 /* Pods-NYTimesUITests.debug.xcconfig */,
				8FD3CB88F4AFD747229CD8A9 /* Pods-NYTimesUITests.release.xcconfig */,
			);
			name = Pods;
			sourceTree = "<group>";
		};
/* End PBXGroup section */

/* Begin PBXNativeTarget section */
		4D7CA17B217A5E140087B6CC /* NYTimes */ = {
			isa = PBXNativeTarget;
			buildConfigurationList = 4D7CA1A4217A5E150087B6CC /* Build configuration list for PBXNativeTarget "NYTimes" */;
			buildPhases = (
				BEDC53FC35FDD211DEC9161F /* [CP] Check Pods Manifest.lock */,
				4D7CA178217A5E140087B6CC /* Sources */,
				4D7CA179217A5E140087B6CC /* Frameworks */,
				4D7CA17A217A5E140087B6CC /* Resources */,
				02C72D27D1ADC756465E6F4B /* [CP] Embed Pods Frameworks */,
			);
			buildRules = (
			);
			dependencies = (
			);
			name = NYTimes;
			productName = NYTimes;
			productReference = 4D7CA17C217A5E140087B6CC /* NYTimes.app */;
			productType = "com.apple.product-type.application";
		};
		4D7CA18F217A5E150087B6CC /* NYTimesTests */ = {
			isa = PBXNativeTarget;
			buildConfigurationList = 4D7CA1A7217A5E150087B6CC /* Build configuration list for PBXNativeTarget "NYTimesTests" */;
			buildPhases = (
				37E597030561C8EA15B288A3 /* [CP] Check Pods Manifest.lock */,
				4D7CA18C217A5E150087B6CC /* Sources */,
				4D7CA18D217A5E150087B6CC /* Frameworks */,
				4D7CA18E217A5E150087B6CC /* Resources */,
			);
			buildRules = (
			);
			dependencies = (
				4D7CA192217A5E150087B6CC /* PBXTargetDependency */,
			);
			name = NYTimesTests;
			productName = NYTimesTests;
			productReference = 4D7CA190217A5E150087B6CC /* NYTimesTests.xctest */;
			productType = "com.apple.product-type.bundle.unit-test";
		};
		4D7CA19A217A5E150087B6CC /* NYTimesUITests */ = {
			isa = PBXNativeTarget;
			buildConfigurationList = 4D7CA1AA217A5E150087B6CC /* Build configuration list for PBXNativeTarget "NYTimesUITests" */;
			buildPhases = (
				E0031F11FCC39C8B48493EA6 /* [CP] Check Pods Manifest.lock */,
				4D7CA197217A5E150087B6CC /* Sources */,
				4D7CA198217A5E150087B6CC /* Frameworks */,
				4D7CA199217A5E150087B6CC /* Resources */,
			);
			buildRules = (
			);
			dependencies = (
				4D7CA19D217A5E150087B6CC /* PBXTargetDependency */,
			);
			name = NYTimesUITests;
			productName = NYTimesUITests;
			productReference = 4D7CA19B217A5E150087B6CC /* NYTimesUITests.xctest */;
			productType = "com.apple.product-type.bundle.ui-testing";
		};
/* End PBXNativeTarget section */

/* Begin PBXProject section */
		4D7CA174217A5E140087B6CC /* Project object */ = {
			isa = PBXProject;
			attributes = {
				LastSwiftUpdateCheck = 1000;
				LastUpgradeCheck = 1000;
				ORGANIZATIONNAME = "Amjad Khan";
				TargetAttributes = {
					4D7CA17B217A5E140087B6CC = {
						CreatedOnToolsVersion = 10.0;
					};
					4D7CA18F217A5E150087B6CC = {
						CreatedOnToolsVersion = 10.0;
						TestTargetID = 4D7CA17B217A5E140087B6CC;
					};
					4D7CA19A217A5E150087B6CC = {
						CreatedOnToolsVersion = 10.0;
						TestTargetID = 4D7CA17B217A5E140087B6CC;
					};
				};
			};
			buildConfigurationList = 4D7CA177217A5E140087B6CC /* Build configuration list for PBXProject "NYTimes" */;
			compatibilityVersion = "Xcode 9.3";
			developmentRegion = en;
			hasScannedForEncodings = 0;
			knownRegions = (
				en,
				Base,
			);
			mainGroup = 4D7CA173217A5E140087B6CC;
			productRefGroup = 4D7CA17D217A5E140087B6CC /* Products */;
			projectDirPath = "";
			projectRoot = "";
			targets = (
				4D7CA17B217A5E140087B6CC /* NYTimes */,
				4D7CA18F217A5E150087B6CC /* NYTimesTests */,
				4D7CA19A217A5E150087B6CC /* NYTimesUITests */,
			);
		};
/* End PBXProject section */

/* Begin PBXResourcesBuildPhase section */
		4D7CA17A217A5E140087B6CC /* Resources */ = {
			isa = PBXResourcesBuildPhase;
			buildActionMask = 2147483647;
			files = (
				4D7CA18A217A5E150087B6CC /* LaunchScreen.storyboard in Resources */,
				4D7CA187217A5E140087B6CC /* Assets.xcassets in Resources */,
				4D7CA185217A5E140087B6CC /* Main.storyboard in Resources */,
			);
			runOnlyForDeploymentPostprocessing = 0;
		};
		4D7CA18E217A5E150087B6CC /* Resources */ = {
			isa = PBXResourcesBuildPhase;
			buildActionMask = 2147483647;
			files = (
			);
			runOnlyForDeploymentPostprocessing = 0;
		};
		4D7CA199217A5E150087B6CC /* Resources */ = {
			isa = PBXResourcesBuildPhase;
			buildActionMask = 2147483647;
			files = (
			);
			runOnlyForDeploymentPostprocessing = 0;
		};
/* End PBXResourcesBuildPhase section */

/* Begin PBXShellScriptBuildPhase section */
		02C72D27D1ADC756465E6F4B /* [CP] Embed Pods Frameworks */ = {
			isa = PBXShellScriptBuildPhase;
			buildActionMask = 2147483647;
			files = (
			);
			inputPaths = (
				"${SRCROOT}/Pods/Target Support Files/Pods-NYTimes/Pods-NYTimes-frameworks.sh",
				"${BUILT_PRODUCTS_DIR}/SVProgressHUD/SVProgressHUD.framework",
			);
			name = "[CP] Embed Pods Frameworks";
			outputPaths = (
				"${TARGET_BUILD_DIR}/${FRAMEWORKS_FOLDER_PATH}/SVProgressHUD.framework",
			);
			runOnlyForDeploymentPostprocessing = 0;
			shellPath = /bin/sh;
			shellScript = "\"${SRCROOT}/Pods/Target Support Files/Pods-NYTimes/Pods-NYTimes-frameworks.sh\"\n";
			showEnvVarsInLog = 0;
		};
		37E597030561C8EA15B288A3 /* [CP] Check Pods Manifest.lock */ = {
			isa = PBXShellScriptBuildPhase;
			buildActionMask = 2147483647;
			files = (
			);
			inputPaths = (
				"${PODS_PODFILE_DIR_PATH}/Podfile.lock",
				"${PODS_ROOT}/Manifest.lock",
			);
			name = "[CP] Check Pods Manifest.lock";
			outputPaths = (
				"$(DERIVED_FILE_DIR)/Pods-NYTimesTests-checkManifestLockResult.txt",
			);
			runOnlyForDeploymentPostprocessing = 0;
			shellPath = /bin/sh;
			shellScript = "diff \"${PODS_PODFILE_DIR_PATH}/Podfile.lock\" \"${PODS_ROOT}/Manifest.lock\" > /dev/null\nif [ $? != 0 ] ; then\n    # print error to STDERR\n    echo \"error: The sandbox is not in sync with the Podfile.lock. Run 'pod install' or update your CocoaPods installation.\" >&2\n    exit 1\nfi\n# This output is used by Xcode 'outputs' to avoid re-running this script phase.\necho \"SUCCESS\" > \"${SCRIPT_OUTPUT_FILE_0}\"\n";
			showEnvVarsInLog = 0;
		};
		BEDC53FC35FDD211DEC9161F /* [CP] Check Pods Manifest.lock */ = {
			isa = PBXShellScriptBuildPhase;
			buildActionMask = 2147483647;
			files = (
			);
			inputPaths = (
				"${PODS_PODFILE_DIR_PATH}/Podfile.lock",
				"${PODS_ROOT}/Manifest.lock",
			);
			name = "[CP] Check Pods Manifest.lock";
			outputPaths = (
				"$(DERIVED_FILE_DIR)/Pods-NYTimes-checkManifestLockResult.txt",
			);
			runOnlyForDeploymentPostprocessing = 0;
			shellPath = /bin/sh;
			shellScript = "diff \"${PODS_PODFILE_DIR_PATH}/Podfile.lock\" \"${PODS_ROOT}/Manifest.lock\" > /dev/null\nif [ $? != 0 ] ; then\n    # print error to STDERR\n    echo \"error: The sandbox is not in sync with the Podfile.lock. Run 'pod install' or update your CocoaPods installation.\" >&2\n    exit 1\nfi\n# This output is used by Xcode 'outputs' to avoid re-running this script phase.\necho \"SUCCESS\" > \"${SCRIPT_OUTPUT_FILE_0}\"\n";
			showEnvVarsInLog = 0;
		};
		E0031F11FCC39C8B48493EA6 /* [CP] Check Pods Manifest.lock */ = {
			isa = PBXShellScriptBuildPhase;
			buildActionMask = 2147483647;
			files = (
			);
			inputPaths = (
				"${PODS_PODFILE_DIR_PATH}/Podfile.lock",
				"${PODS_ROOT}/Manifest.lock",
			);
			name = "[CP] Check Pods Manifest.lock";
			outputPaths = (
				"$(DERIVED_FILE_DIR)/Pods-NYTimesUITests-checkManifestLockResult.txt",
			);
			runOnlyForDeploymentPostprocessing = 0;
			shellPath = /bin/sh;
			shellScript = "diff \"${PODS_PODFILE_DIR_PATH}/Podfile.lock\" \"${PODS_ROOT}/Manifest.lock\" > /dev/null\nif [ $? != 0 ] ; then\n    # print error to STDERR\n    echo \"error: The sandbox is not in sync with the Podfile.lock. Run 'pod install' or update your CocoaPods installation.\" >&2\n    exit 1\nfi\n# This output is used by Xcode 'outputs' to avoid re-running this script phase.\necho \"SUCCESS\" > \"${SCRIPT_OUTPUT_FILE_0}\"\n";
			showEnvVarsInLog = 0;
		};
/* End PBXShellScriptBuildPhase section */

/* Begin PBXSourcesBuildPhase section */
		4D7CA178217A5E140087B6CC /* Sources */ = {
			isa = PBXSourcesBuildPhase;
			buildActionMask = 2147483647;
			files = (
				4D7CA1E2217BC4650087B6CC /* BaseModel.swift in Sources */,
				4D7CA1BB217BBC580087B6CC /* Reachability.swift in Sources */,
				4D7CA1B5217BB8D60087B6CC /* Constants.swift in Sources */,
				4D7CA1B7217BB9440087B6CC /* Logger.swift in Sources */,
				4D7CA1BD217BBDDA0087B6CC /* ArticlesNetworkManager.swift in Sources */,
				4DEE5745217BDE15006D0C02 /* CellRepresentable.swift in Sources */,
				4DEE5741217BDA82006D0C02 /* ArticleTableView.swift in Sources */,
				4DEE573C217BD6BD006D0C02 /* BaseViewController.swift in Sources */,
				4D7CA1E7217BC9430087B6CC /* ArticleModelController.swift in Sources */,
				4D7CA1B2217BB68A0087B6CC /* GCDBlackBox.swift in Sources */,
				4D7CA1E4217BC48C0087B6CC /* ArticleModel.swift in Sources */,
				4D7CA1AF217BB5A20087B6CC /* NetworkManager.swift in Sources */,
				4D7CA182217A5E140087B6CC /* ArticleViewController.swift in Sources */,
				4DEE5743217BDB19006D0C02 /* ArticleTableViewCell.swift in Sources */,
				4D7CA180217A5E140087B6CC /* AppDelegate.swift in Sources */,
			);
			runOnlyForDeploymentPostprocessing = 0;
		};
		4D7CA18C217A5E150087B6CC /* Sources */ = {
			isa = PBXSourcesBuildPhase;
			buildActionMask = 2147483647;
			files = (
				4D7CA195217A5E150087B6CC /* NYTimesTests.swift in Sources */,
			);
			runOnlyForDeploymentPostprocessing = 0;
		};
		4D7CA197217A5E150087B6CC /* Sources */ = {
			isa = PBXSourcesBuildPhase;
			buildActionMask = 2147483647;
			files = (
				4D7CA1A0217A5E150087B6CC /* NYTimesUITests.swift in Sources */,
			);
			runOnlyForDeploymentPostprocessing = 0;
		};
/* End PBXSourcesBuildPhase section */

/* Begin PBXTargetDependency section */
		4D7CA192217A5E150087B6CC /* PBXTargetDependency */ = {
			isa = PBXTargetDependency;
			target = 4D7CA17B217A5E140087B6CC /* NYTimes */;
			targetProxy = 4D7CA191217A5E150087B6CC /* PBXContainerItemProxy */;
		};
		4D7CA19D217A5E150087B6CC /* PBXTargetDependency */ = {
			isa = PBXTargetDependency;
			target = 4D7CA17B217A5E140087B6CC /* NYTimes */;
			targetProxy = 4D7CA19C217A5E150087B6CC /* PBXContainerItemProxy */;
		};
/* End PBXTargetDependency section */

/* Begin PBXVariantGroup section */
		4D7CA183217A5E140087B6CC /* Main.storyboard */ = {
			isa = PBXVariantGroup;
			children = (
				4D7CA184217A5E140087B6CC /* Base */,
			);
			name = Main.storyboard;
			sourceTree = "<group>";
		};
		4D7CA188217A5E150087B6CC /* LaunchScreen.storyboard */ = {
			isa = PBXVariantGroup;
			children = (
				4D7CA189217A5E150087B6CC /* Base */,
			);
			name = LaunchScreen.storyboard;
			sourceTree = "<group>";
		};
/* End PBXVariantGroup section */

/* Begin XCBuildConfiguration section */
		4D7CA1A2217A5E150087B6CC /* Debug */ = {
			isa = XCBuildConfiguration;
			buildSettings = {
				ALWAYS_SEARCH_USER_PATHS = NO;
				CLANG_ANALYZER_NONNULL = YES;
				CLANG_ANALYZER_NUMBER_OBJECT_CONVERSION = YES_AGGRESSIVE;
				CLANG_CXX_LANGUAGE_STANDARD = "gnu++14";
				CLANG_CXX_LIBRARY = "libc++";
				CLANG_ENABLE_MODULES = YES;
				CLANG_ENABLE_OBJC_ARC = YES;
				CLANG_ENABLE_OBJC_WEAK = YES;
				CLANG_WARN_BLOCK_CAPTURE_AUTORELEASING = YES;
				CLANG_WARN_BOOL_CONVERSION = YES;
				CLANG_WARN_COMMA = YES;
				CLANG_WARN_CONSTANT_CONVERSION = YES;
				CLANG_WARN_DEPRECATED_OBJC_IMPLEMENTATIONS = YES;
				CLANG_WARN_DIRECT_OBJC_ISA_USAGE = YES_ERROR;
				CLANG_WARN_DOCUMENTATION_COMMENTS = YES;
				CLANG_WARN_EMPTY_BODY = YES;
				CLANG_WARN_ENUM_CONVERSION = YES;
				CLANG_WARN_INFINITE_RECURSION = YES;
				CLANG_WARN_INT_CONVERSION = YES;
				CLANG_WARN_NON_LITERAL_NULL_CONVERSION = YES;
				CLANG_WARN_OBJC_IMPLICIT_RETAIN_SELF = YES;
				CLANG_WARN_OBJC_LITERAL_CONVERSION = YES;
				CLANG_WARN_OBJC_ROOT_CLASS = YES_ERROR;
				CLANG_WARN_RANGE_LOOP_ANALYSIS = YES;
				CLANG_WARN_STRICT_PROTOTYPES = YES;
				CLANG_WARN_SUSPICIOUS_MOVE = YES;
				CLANG_WARN_UNGUARDED_AVAILABILITY = YES_AGGRESSIVE;
				CLANG_WARN_UNREACHABLE_CODE = YES;
				CLANG_WARN__DUPLICATE_METHOD_MATCH = YES;
				CODE_SIGN_IDENTITY = "iPhone Developer";
				COPY_PHASE_STRIP = NO;
				DEBUG_INFORMATION_FORMAT = dwarf;
				ENABLE_STRICT_OBJC_MSGSEND = YES;
				ENABLE_TESTABILITY = YES;
				GCC_C_LANGUAGE_STANDARD = gnu11;
				GCC_DYNAMIC_NO_PIC = NO;
				GCC_NO_COMMON_BLOCKS = YES;
				GCC_OPTIMIZATION_LEVEL = 0;
				GCC_PREPROCESSOR_DEFINITIONS = (
					"DEBUG=1",
					"$(inherited)",
				);
				GCC_WARN_64_TO_32_BIT_CONVERSION = YES;
				GCC_WARN_ABOUT_RETURN_TYPE = YES_ERROR;
				GCC_WARN_UNDECLARED_SELECTOR = YES;
				GCC_WARN_UNINITIALIZED_AUTOS = YES_AGGRESSIVE;
				GCC_WARN_UNUSED_FUNCTION = YES;
				GCC_WARN_UNUSED_VARIABLE = YES;
				IPHONEOS_DEPLOYMENT_TARGET = 12.0;
				MTL_ENABLE_DEBUG_INFO = INCLUDE_SOURCE;
				MTL_FAST_MATH = YES;
				ONLY_ACTIVE_ARCH = YES;
				SDKROOT = iphoneos;
				SWIFT_ACTIVE_COMPILATION_CONDITIONS = DEBUG;
				SWIFT_OPTIMIZATION_LEVEL = "-Onone";
			};
			name = Debug;
		};
		4D7CA1A3217A5E150087B6CC /* Release */ = {
			isa = XCBuildConfiguration;
			buildSettings = {
				ALWAYS_SEARCH_USER_PATHS = NO;
				CLANG_ANALYZER_NONNULL = YES;
				CLANG_ANALYZER_NUMBER_OBJECT_CONVERSION = YES_AGGRESSIVE;
				CLANG_CXX_LANGUAGE_STANDARD = "gnu++14";
				CLANG_CXX_LIBRARY = "libc++";
				CLANG_ENABLE_MODULES = YES;
				CLANG_ENABLE_OBJC_ARC = YES;
				CLANG_ENABLE_OBJC_WEAK = YES;
				CLANG_WARN_BLOCK_CAPTURE_AUTORELEASING = YES;
				CLANG_WARN_BOOL_CONVERSION = YES;
				CLANG_WARN_COMMA = YES;
				CLANG_WARN_CONSTANT_CONVERSION = YES;
				CLANG_WARN_DEPRECATED_OBJC_IMPLEMENTATIONS = YES;
				CLANG_WARN_DIRECT_OBJC_ISA_USAGE = YES_ERROR;
				CLANG_WARN_DOCUMENTATION_COMMENTS = YES;
				CLANG_WARN_EMPTY_BODY = YES;
				CLANG_WARN_ENUM_CONVERSION = YES;
				CLANG_WARN_INFINITE_RECURSION = YES;
				CLANG_WARN_INT_CONVERSION = YES;
				CLANG_WARN_NON_LITERAL_NULL_CONVERSION = YES;
				CLANG_WARN_OBJC_IMPLICIT_RETAIN_SELF = YES;
				CLANG_WARN_OBJC_LITERAL_CONVERSION = YES;
				CLANG_WARN_OBJC_ROOT_CLASS = YES_ERROR;
				CLANG_WARN_RANGE_LOOP_ANALYSIS = YES;
				CLANG_WARN_STRICT_PROTOTYPES = YES;
				CLANG_WARN_SUSPICIOUS_MOVE = YES;
				CLANG_WARN_UNGUARDED_AVAILABILITY = YES_AGGRESSIVE;
				CLANG_WARN_UNREACHABLE_CODE = YES;
				CLANG_WARN__DUPLICATE_METHOD_MATCH = YES;
				CODE_SIGN_IDENTITY = "iPhone Developer";
				COPY_PHASE_STRIP = NO;
				DEBUG_INFORMATION_FORMAT = "dwarf-with-dsym";
				ENABLE_NS_ASSERTIONS = NO;
				ENABLE_STRICT_OBJC_MSGSEND = YES;
				GCC_C_LANGUAGE_STANDARD = gnu11;
				GCC_NO_COMMON_BLOCKS = YES;
				GCC_WARN_64_TO_32_BIT_CONVERSION = YES;
				GCC_WARN_ABOUT_RETURN_TYPE = YES_ERROR;
				GCC_WARN_UNDECLARED_SELECTOR = YES;
				GCC_WARN_UNINITIALIZED_AUTOS = YES_AGGRESSIVE;
				GCC_WARN_UNUSED_FUNCTION = YES;
				GCC_WARN_UNUSED_VARIABLE = YES;
				IPHONEOS_DEPLOYMENT_TARGET = 12.0;
				MTL_ENABLE_DEBUG_INFO = NO;
				MTL_FAST_MATH = YES;
				SDKROOT = iphoneos;
				SWIFT_COMPILATION_MODE = wholemodule;
				SWIFT_OPTIMIZATION_LEVEL = "-O";
				VALIDATE_PRODUCT = YES;
			};
			name = Release;
		};
		4D7CA1A5217A5E150087B6CC /* Debug */ = {
			isa = XCBuildConfiguration;
			baseConfigurationReference = 20DADE6F8E4E2CA779E5FE53 /* Pods-NYTimes.debug.xcconfig */;
			buildSettings = {
				ASSETCATALOG_COMPILER_APPICON_NAME = AppIcon;
				CODE_SIGN_STYLE = Automatic;
				DEVELOPMENT_TEAM = 6L3T8BHYTU;
				INFOPLIST_FILE = NYTimes/Info.plist;
				IPHONEOS_DEPLOYMENT_TARGET = 9.1;
				LD_RUNPATH_SEARCH_PATHS = (
					"$(inherited)",
					"@executable_path/Frameworks",
				);
				PRODUCT_BUNDLE_IDENTIFIER = com.newyork.NYTimes;
				PRODUCT_NAME = "$(TARGET_NAME)";
				SWIFT_VERSION = 4.2;
				TARGETED_DEVICE_FAMILY = 1;
			};
			name = Debug;
		};
		4D7CA1A6217A5E150087B6CC /* Release */ = {
			isa = XCBuildConfiguration;
			baseConfigurationReference = D8946FD1C2A6D8035978F4DC /* Pods-NYTimes.release.xcconfig */;
			buildSettings = {
				ASSETCATALOG_COMPILER_APPICON_NAME = AppIcon;
				CODE_SIGN_STYLE = Automatic;
				DEVELOPMENT_TEAM = 6L3T8BHYTU;
				INFOPLIST_FILE = NYTimes/Info.plist;
				IPHONEOS_DEPLOYMENT_TARGET = 9.1;
				LD_RUNPATH_SEARCH_PATHS = (
					"$(inherited)",
					"@executable_path/Frameworks",
				);
				PRODUCT_BUNDLE_IDENTIFIER = com.newyork.NYTimes;
				PRODUCT_NAME = "$(TARGET_NAME)";
				SWIFT_VERSION = 4.2;
				TARGETED_DEVICE_FAMILY = 1;
			};
			name = Release;
		};
		4D7CA1A8217A5E150087B6CC /* Debug */ = {
			isa = XCBuildConfiguration;
			baseConfigurationReference = 568EDE580CDA8E619A3CE90B /* Pods-NYTimesTests.debug.xcconfig */;
			buildSettings = {
				ALWAYS_EMBED_SWIFT_STANDARD_LIBRARIES = YES;
				BUNDLE_LOADER = "$(TEST_HOST)";
				CODE_SIGN_STYLE = Automatic;
				DEVELOPMENT_TEAM = 6L3T8BHYTU;
				INFOPLIST_FILE = NYTimesTests/Info.plist;
				LD_RUNPATH_SEARCH_PATHS = (
					"$(inherited)",
					"@executable_path/Frameworks",
					"@loader_path/Frameworks",
				);
				PRODUCT_BUNDLE_IDENTIFIER = com.newyork.NYTimesTests;
				PRODUCT_NAME = "$(TARGET_NAME)";
				SWIFT_VERSION = 4.2;
				TARGETED_DEVICE_FAMILY = "1,2";
				TEST_HOST = "$(BUILT_PRODUCTS_DIR)/NYTimes.app/NYTimes";
			};
			name = Debug;
		};
		4D7CA1A9217A5E150087B6CC /* Release */ = {
			isa = XCBuildConfiguration;
			baseConfigurationReference = 4831EE50CA658B9E767FAA9F /* Pods-NYTimesTests.release.xcconfig */;
			buildSettings = {
				ALWAYS_EMBED_SWIFT_STANDARD_LIBRARIES = YES;
				BUNDLE_LOADER = "$(TEST_HOST)";
				CODE_SIGN_STYLE = Automatic;
				DEVELOPMENT_TEAM = 6L3T8BHYTU;
				INFOPLIST_FILE = NYTimesTests/Info.plist;
				LD_RUNPATH_SEARCH_PATHS = (
					"$(inherited)",
					"@executable_path/Frameworks",
					"@loader_path/Frameworks",
				);
				PRODUCT_BUNDLE_IDENTIFIER = com.newyork.NYTimesTests;
				PRODUCT_NAME = "$(TARGET_NAME)";
				SWIFT_VERSION = 4.2;
				TARGETED_DEVICE_FAMILY = "1,2";
				TEST_HOST = "$(BUILT_PRODUCTS_DIR)/NYTimes.app/NYTimes";
			};
			name = Release;
		};
		4D7CA1AB217A5E150087B6CC /* Debug */ = {
			isa = XCBuildConfiguration;
			baseConfigurationReference = DD9E0FCCA37964A71F2E33E5 /* Pods-NYTimesUITests.debug.xcconfig */;
			buildSettings = {
				ALWAYS_EMBED_SWIFT_STANDARD_LIBRARIES = YES;
				CODE_SIGN_STYLE = Automatic;
				DEVELOPMENT_TEAM = 6L3T8BHYTU;
				INFOPLIST_FILE = NYTimesUITests/Info.plist;
				LD_RUNPATH_SEARCH_PATHS = (
					"$(inherited)",
					"@executable_path/Frameworks",
					"@loader_path/Frameworks",
				);
				PRODUCT_BUNDLE_IDENTIFIER = com.newyork.NYTimesUITests;
				PRODUCT_NAME = "$(TARGET_NAME)";
				SWIFT_VERSION = 4.2;
				TARGETED_DEVICE_FAMILY = "1,2";
				TEST_TARGET_NAME = NYTimes;
			};
			name = Debug;
		};
		4D7CA1AC217A5E150087B6CC /* Release */ = {
			isa = XCBuildConfiguration;
			baseConfigurationReference = 8FD3CB88F4AFD747229CD8A9 /* Pods-NYTimesUITests.release.xcconfig */;
			buildSettings = {
				ALWAYS_EMBED_SWIFT_STANDARD_LIBRARIES = YES;
				CODE_SIGN_STYLE = Automatic;
				DEVELOPMENT_TEAM = 6L3T8BHYTU;
				INFOPLIST_FILE = NYTimesUITests/Info.plist;
				LD_RUNPATH_SEARCH_PATHS = (
					"$(inherited)",
					"@executable_path/Frameworks",
					"@loader_path/Frameworks",
				);
				PRODUCT_BUNDLE_IDENTIFIER = com.newyork.NYTimesUITests;
				PRODUCT_NAME = "$(TARGET_NAME)";
				SWIFT_VERSION = 4.2;
				TARGETED_DEVICE_FAMILY = "1,2";
				TEST_TARGET_NAME = NYTimes;
			};
			name = Release;
		};
/* End XCBuildConfiguration section */

/* Begin XCConfigurationList section */
		4D7CA177217A5E140087B6CC /* Build configuration list for PBXProject "NYTimes" */ = {
			isa = XCConfigurationList;
			buildConfigurations = (
				4D7CA1A2217A5E150087B6CC /* Debug */,
				4D7CA1A3217A5E150087B6CC /* Release */,
			);
			defaultConfigurationIsVisible = 0;
			defaultConfigurationName = Release;
		};
		4D7CA1A4217A5E150087B6CC /* Build configuration list for PBXNativeTarget "NYTimes" */ = {
			isa = XCConfigurationList;
			buildConfigurations = (
				4D7CA1A5217A5E150087B6CC /* Debug */,
				4D7CA1A6217A5E150087B6CC /* Release */,
			);
			defaultConfigurationIsVisible = 0;
			defaultConfigurationName = Release;
		};
		4D7CA1A7217A5E150087B6CC /* Build configuration list for PBXNativeTarget "NYTimesTests" */ = {
			isa = XCConfigurationList;
			buildConfigurations = (
				4D7CA1A8217A5E150087B6CC /* Debug */,
				4D7CA1A9217A5E150087B6CC /* Release */,
			);
			defaultConfigurationIsVisible = 0;
			defaultConfigurationName = Release;
		};
		4D7CA1AA217A5E150087B6CC /* Build configuration list for PBXNativeTarget "NYTimesUITests" */ = {
			isa = XCConfigurationList;
			buildConfigurations = (
				4D7CA1AB217A5E150087B6CC /* Debug */,
				4D7CA1AC217A5E150087B6CC /* Release */,
			);
			defaultConfigurationIsVisible = 0;
			defaultConfigurationName = Release;
		};
/* End XCConfigurationList section */
	};
	rootObject = 4D7CA174217A5E140087B6CC /* Project object */;
}
